
Microsoft Visual Studio Solution File, Format Version 12.00
# Visual Studio 2013
VisualStudioVersion = 12.0.31101.0
MinimumVisualStudioVersion = 10.0.40219.1
Project("{FAE04EC0-301F-11D3-BF4B-00C04F79EFBC}") = "FastCgi", "FastCgi\FastCgi.csproj", "{A3C516B6-046B-44C2-9387-2D01646589C9}"
EndProject
Project("{FAE04EC0-301F-11D3-BF4B-00C04F79EFBC}") = "FastCgi.Test", "FastCgi.Test\FastCgi.Test.csproj", "{CDBC8D4A-CB1C-4DF9-B1A8-A3A5D07B2D71}"
EndProject
Project("{FAE04EC0-301F-11D3-BF4B-00C04F79EFBC}") = "FastCgi.AspNet", "FastCgi.AspNet\FastCgi.AspNet.csproj", "{315E3781-3E29-459B-A0D6-EF880F60D6E0}"
EndProject
Project("{2150E333-8FDC-42A3-9474-1A3956D46DE8}") = "Solution Items", "Solution Items", "{60B19B6D-B0B8-4B2D-B53C-EC9080CDDEC5}"
	ProjectSection(SolutionItems) = preProject
		LICENSE.txt = LICENSE.txt
		README.md = README.md
	EndProjectSection
EndProject
Project("{FAE04EC0-301F-11D3-BF4B-00C04F79EFBC}") = "FastCgi.Server", "FastCgi.Server\FastCgi.Server.csproj", "{2EA7BA06-B06C-4296-A8B7-E5DB3E9268B5}"
EndProject
Project("{FAE04EC0-301F-11D3-BF4B-00C04F79EFBC}") = "FastCgi.UnitTest", "FastCgi.UnitTest\FastCgi.UnitTest.csproj", "{67219CCA-AEF5-499A-9580-36CFEFA3EEAF}"
EndProject
Project("{FAE04EC0-301F-11D3-BF4B-00C04F79EFBC}") = "ImmutableArray", "ImmutableArray\ImmutableArray.csproj", "{AFE9FDDE-332C-41A5-8DA5-6C974F9E6956}"
EndProject
Project("{FAE04EC0-301F-11D3-BF4B-00C04F79EFBC}") = "FastCgi.Loggers.Log4Net", "FastCgi.Loggers.Log4Net\FastCgi.Loggers.Log4Net.csproj", "{EE31060B-980B-4E24-AE84-0DF6A0F0E95D}"
EndProject
Global
	GlobalSection(SolutionConfigurationPlatforms) = preSolution
		Debug|Any CPU = Debug|Any CPU
		Debug|Mixed Platforms = Debug|Mixed Platforms
		Debug|x86 = Debug|x86
		Release|Any CPU = Release|Any CPU
		Release|Mixed Platforms = Release|Mixed Platforms
		Release|x86 = Release|x86
	EndGlobalSection
	GlobalSection(ProjectConfigurationPlatforms) = postSolution
		{A3C516B6-046B-44C2-9387-2D01646589C9}.Debug|Any CPU.ActiveCfg = Debug|Any CPU
		{A3C516B6-046B-44C2-9387-2D01646589C9}.Debug|Any CPU.Build.0 = Debug|Any CPU
		{A3C516B6-046B-44C2-9387-2D01646589C9}.Debug|Mixed Platforms.ActiveCfg = Debug|Any CPU
		{A3C516B6-046B-44C2-9387-2D01646589C9}.Debug|Mixed Platforms.Build.0 = Debug|Any CPU
		{A3C516B6-046B-44C2-9387-2D01646589C9}.Debug|x86.ActiveCfg = Debug|Any CPU
		{A3C516B6-046B-44C2-9387-2D01646589C9}.Release|Any CPU.ActiveCfg = Release|Any CPU
		{A3C516B6-046B-44C2-9387-2D01646589C9}.Release|Any CPU.Build.0 = Release|Any CPU
		{A3C516B6-046B-44C2-9387-2D01646589C9}.Release|Mixed Platforms.ActiveCfg = Release|Any CPU
		{A3C516B6-046B-44C2-9387-2D01646589C9}.Release|Mixed Platforms.Build.0 = Release|Any CPU
		{A3C516B6-046B-44C2-9387-2D01646589C9}.Release|x86.ActiveCfg = Release|Any CPU
		{CDBC8D4A-CB1C-4DF9-B1A8-A3A5D07B2D71}.Debug|Any CPU.ActiveCfg = Debug|x86
		{CDBC8D4A-CB1C-4DF9-B1A8-A3A5D07B2D71}.Debug|Mixed Platforms.ActiveCfg = Debug|x86
		{CDBC8D4A-CB1C-4DF9-B1A8-A3A5D07B2D71}.Debug|Mixed Platforms.Build.0 = Debug|x86
		{CDBC8D4A-CB1C-4DF9-B1A8-A3A5D07B2D71}.Debug|x86.ActiveCfg = Debug|x86
		{CDBC8D4A-CB1C-4DF9-B1A8-A3A5D07B2D71}.Debug|x86.Build.0 = Debug|x86
		{CDBC8D4A-CB1C-4DF9-B1A8-A3A5D07B2D71}.Release|Any CPU.ActiveCfg = Release|x86
		{CDBC8D4A-CB1C-4DF9-B1A8-A3A5D07B2D71}.Release|Mixed Platforms.ActiveCfg = Release|x86
		{CDBC8D4A-CB1C-4DF9-B1A8-A3A5D07B2D71}.Release|Mixed Platforms.Build.0 = Release|x86
		{CDBC8D4A-CB1C-4DF9-B1A8-A3A5D07B2D71}.Release|x86.ActiveCfg = Release|x86
		{CDBC8D4A-CB1C-4DF9-B1A8-A3A5D07B2D71}.Release|x86.Build.0 = Release|x86
		{315E3781-3E29-459B-A0D6-EF880F60D6E0}.Debug|Any CPU.ActiveCfg = Debug|Any CPU
		{315E3781-3E29-459B-A0D6-EF880F60D6E0}.Debug|Any CPU.Build.0 = Debug|Any CPU
		{315E3781-3E29-459B-A0D6-EF880F60D6E0}.Debug|Mixed Platforms.ActiveCfg = Debug|Any CPU
		{315E3781-3E29-459B-A0D6-EF880F60D6E0}.Debug|Mixed Platforms.Build.0 = Debug|Any CPU
		{315E3781-3E29-459B-A0D6-EF880F60D6E0}.Debug|x86.ActiveCfg = Debug|Any CPU
		{315E3781-3E29-459B-A0D6-EF880F60D6E0}.Release|Any CPU.ActiveCfg = Release|Any CPU
		{315E3781-3E29-459B-A0D6-EF880F60D6E0}.Release|Any CPU.Build.0 = Release|Any CPU
		{315E3781-3E29-459B-A0D6-EF880F60D6E0}.Release|Mixed Platforms.ActiveCfg = Release|Any CPU
		{315E3781-3E29-459B-A0D6-EF880F60D6E0}.Release|Mixed Platforms.Build.0 = Release|Any CPU
		{315E3781-3E29-459B-A0D6-EF880F60D6E0}.Release|x86.ActiveCfg = Release|Any CPU
		{2EA7BA06-B06C-4296-A8B7-E5DB3E9268B5}.Debug|Any CPU.ActiveCfg = Debug|x86
		{2EA7BA06-B06C-4296-A8B7-E5DB3E9268B5}.Debug|Mixed Platforms.ActiveCfg = Debug|x86
		{2EA7BA06-B06C-4296-A8B7-E5DB3E9268B5}.Debug|Mixed Platforms.Build.0 = Debug|x86
		{2EA7BA06-B06C-4296-A8B7-E5DB3E9268B5}.Debug|x86.ActiveCfg = Debug|x86
		{2EA7BA06-B06C-4296-A8B7-E5DB3E9268B5}.Debug|x86.Build.0 = Debug|x86
		{2EA7BA06-B06C-4296-A8B7-E5DB3E9268B5}.Release|Any CPU.ActiveCfg = Release|x86
		{2EA7BA06-B06C-4296-A8B7-E5DB3E9268B5}.Release|Mixed Platforms.ActiveCfg = Release|x86
		{2EA7BA06-B06C-4296-A8B7-E5DB3E9268B5}.Release|Mixed Platforms.Build.0 = Release|x86
		{2EA7BA06-B06C-4296-A8B7-E5DB3E9268B5}.Release|x86.ActiveCfg = Release|x86
		{2EA7BA06-B06C-4296-A8B7-E5DB3E9268B5}.Release|x86.Build.0 = Release|x86
		{67219CCA-AEF5-499A-9580-36CFEFA3EEAF}.Debug|Any CPU.ActiveCfg = Debug|Any CPU
		{67219CCA-AEF5-499A-9580-36CFEFA3EEAF}.Debug|Any CPU.Build.0 = Debug|Any CPU
		{67219CCA-AEF5-499A-9580-36CFEFA3EEAF}.Debug|Mixed Platforms.ActiveCfg = Debug|Any CPU
		{67219CCA-AEF5-499A-9580-36CFEFA3EEAF}.Debug|Mixed Platforms.Build.0 = Debug|Any CPU
		{67219CCA-AEF5-499A-9580-36CFEFA3EEAF}.Debug|x86.ActiveCfg = Debug|Any CPU
		{67219CCA-AEF5-499A-9580-36CFEFA3EEAF}.Release|Any CPU.ActiveCfg = Release|Any CPU
		{67219CCA-AEF5-499A-9580-36CFEFA3EEAF}.Release|Any CPU.Build.0 = Release|Any CPU
		{67219CCA-AEF5-499A-9580-36CFEFA3EEAF}.Release|Mixed Platforms.ActiveCfg = Release|Any CPU
		{67219CCA-AEF5-499A-9580-36CFEFA3EEAF}.Release|Mixed Platforms.Build.0 = Release|Any CPU
		{67219CCA-AEF5-499A-9580-36CFEFA3EEAF}.Release|x86.ActiveCfg = Release|Any CPU
		{AFE9FDDE-332C-41A5-8DA5-6C974F9E6956}.Debug|Any CPU.ActiveCfg = Debug|Any CPU
		{AFE9FDDE-332C-41A5-8DA5-6C974F9E6956}.Debug|Any CPU.Build.0 = Debug|Any CPU
		{AFE9FDDE-332C-41A5-8DA5-6C974F9E6956}.Debug|Mixed Platforms.ActiveCfg = Debug|Any CPU
		{AFE9FDDE-332C-41A5-8DA5-6C974F9E6956}.Debug|Mixed Platforms.Build.0 = Debug|Any CPU
		{AFE9FDDE-332C-41A5-8DA5-6C974F9E6956}.Debug|x86.ActiveCfg = Debug|Any CPU
		{AFE9FDDE-332C-41A5-8DA5-6C974F9E6956}.Release|Any CPU.ActiveCfg = Release|Any CPU
		{AFE9FDDE-332C-41A5-8DA5-6C974F9E6956}.Release|Any CPU.Build.0 = Release|Any CPU
		{AFE9FDDE-332C-41A5-8DA5-6C974F9E6956}.Release|Mixed Platforms.ActiveCfg = Release|Any CPU
		{AFE9FDDE-332C-41A5-8DA5-6C974F9E6956}.Release|Mixed Platforms.Build.0 = Release|Any CPU
		{AFE9FDDE-332C-41A5-8DA5-6C974F9E6956}.Release|x86.ActiveCfg = Release|Any CPU
		{EE31060B-980B-4E24-AE84-0DF6A0F0E95D}.Debug|Any CPU.ActiveCfg = Debug|Any CPU
		{EE31060B-980B-4E24-AE84-0DF6A0F0E95D}.Debug|Any CPU.Build.0 = Debug|Any CPU
		{EE31060B-980B-4E24-AE84-0DF6A0F0E95D}.Debug|Mixed Platforms.ActiveCfg = Debug|Any CPU
		{EE31060B-980B-4E24-AE84-0DF6A0F0E95D}.Debug|Mixed Platforms.Build.0 = Debug|Any CPU
		{EE31060B-980B-4E24-AE84-0DF6A0F0E95D}.Debug|x86.ActiveCfg = Debug|Any CPU
		{EE31060B-980B-4E24-AE84-0DF6A0F0E95D}.Release|Any CPU.ActiveCfg = Release|Any CPU
		{EE31060B-980B-4E24-AE84-0DF6A0F0E95D}.Release|Any CPU.Build.0 = Release|Any CPU
		{EE31060B-980B-4E24-AE84-0DF6A0F0E95D}.Release|Mixed Platforms.ActiveCfg = Release|Any CPU
		{EE31060B-980B-4E24-AE84-0DF6A0F0E95D}.Release|Mixed Platforms.Build.0 = Release|Any CPU
		{EE31060B-980B-4E24-AE84-0DF6A0F0E95D}.Release|x86.ActiveCfg = Release|Any CPU
	EndGlobalSection
	GlobalSection(SolutionProperties) = preSolution
		HideSolutionNode = FALSE
	EndGlobalSection
	GlobalSection(MonoDevelopProperties) = preSolution
		StartupItem = FastCgi.Server\FastCgi.Server.csproj
	EndGlobalSection
EndGlobal
